
Microsoft Visual Studio Solution File, Format Version 12.00
# Visual Studio Version 16
VisualStudioVersion = 16.0.30002.166
MinimumVisualStudioVersion = 10.0.40219.1
Project("{FAE04EC0-301F-11D3-BF4B-00C04F79EFBC}") = "ConsoleApp3", "ConsoleApp3\ConsoleApp3.csproj", "{AC5D0107-1440-4C98-89FC-877173A446DC}"
EndProject
Global
	GlobalSection(SolutionConfigurationPlatforms) = preSolution
		Debug|Any CPU = Debug|Any CPU
		Release|Any CPU = Release|Any CPU
	EndGlobalSection
	GlobalSection(ProjectConfigurationPlatforms) = postSolution
		{AC5D0107-1440-4C98-89FC-877173A446DC}.Debug|Any CPU.ActiveCfg = Debug|Any CPU
		{AC5D0107-1440-4C98-89FC-877173A446DC}.Debug|Any CPU.Build.0 = Debug|Any CPU
		{AC5D0107-1440-4C98-89FC-877173A446DC}.Release|Any CPU.ActiveCfg = Release|Any CPU
		{AC5D0107-1440-4C98-89FC-877173A446DC}.Release|Any CPU.Build.0 = Release|Any CPU
	EndGlobalSection
	GlobalSection(SolutionProperties) = preSolution
		HideSolutionNode = FALSE
	EndGlobalSection
	GlobalSection(ExtensibilityGlobals) = postSolution
		SolutionGuid = {A3F8D5F4-B025-4AD9-A2B5-1C256E09CDAE}
	EndGlobalSection
EndGlobal
